
Microsoft Visual Studio Solution File, Format Version 12.00
# Visual Studio Version 17
VisualStudioVersion = 17.4.33110.190
MinimumVisualStudioVersion = 10.0.40219.1
Project("{9A19103F-16F7-4668-BE54-9A1E7A4F7556}") = "Napier Bank Message Filtering Service NEW", "Napier Bank Message Filtering Service NEW.csproj", "{B0AF6D16-ABDF-49D1-92D8-CB154F96AA23}"
EndProject
Project("{9A19103F-16F7-4668-BE54-9A1E7A4F7556}") = "FilterTesting", "..\FilterTesting\FilterTesting.csproj", "{72B271A1-1C70-4163-BBCA-B0A94D85FFA2}"
EndProject
Project("{FAE04EC0-301F-11D3-BF4B-00C04F79EFBC}") = "NBM Testing", "..\NBM Testing\NBM Testing.csproj", "{7CBA28B3-8F17-4F5D-960E-273377EFAD2F}"
EndProject
Global
	GlobalSection(SolutionConfigurationPlatforms) = preSolution
		Debug|Any CPU = Debug|Any CPU
		Release|Any CPU = Release|Any CPU
	EndGlobalSection
	GlobalSection(ProjectConfigurationPlatforms) = postSolution
		{B0AF6D16-ABDF-49D1-92D8-CB154F96AA23}.Debug|Any CPU.ActiveCfg = Debug|Any CPU
		{B0AF6D16-ABDF-49D1-92D8-CB154F96AA23}.Debug|Any CPU.Build.0 = Debug|Any CPU
		{B0AF6D16-ABDF-49D1-92D8-CB154F96AA23}.Release|Any CPU.ActiveCfg = Release|Any CPU
		{B0AF6D16-ABDF-49D1-92D8-CB154F96AA23}.Release|Any CPU.Build.0 = Release|Any CPU
		{72B271A1-1C70-4163-BBCA-B0A94D85FFA2}.Debug|Any CPU.ActiveCfg = Debug|Any CPU
		{72B271A1-1C70-4163-BBCA-B0A94D85FFA2}.Debug|Any CPU.Build.0 = Debug|Any CPU
		{72B271A1-1C70-4163-BBCA-B0A94D85FFA2}.Release|Any CPU.ActiveCfg = Release|Any CPU
		{72B271A1-1C70-4163-BBCA-B0A94D85FFA2}.Release|Any CPU.Build.0 = Release|Any CPU
		{7CBA28B3-8F17-4F5D-960E-273377EFAD2F}.Debug|Any CPU.ActiveCfg = Debug|Any CPU
		{7CBA28B3-8F17-4F5D-960E-273377EFAD2F}.Debug|Any CPU.Build.0 = Debug|Any CPU
		{7CBA28B3-8F17-4F5D-960E-273377EFAD2F}.Release|Any CPU.ActiveCfg = Release|Any CPU
		{7CBA28B3-8F17-4F5D-960E-273377EFAD2F}.Release|Any CPU.Build.0 = Release|Any CPU
	EndGlobalSection
	GlobalSection(SolutionProperties) = preSolution
		HideSolutionNode = FALSE
	EndGlobalSection
	GlobalSection(ExtensibilityGlobals) = postSolution
		SolutionGuid = {FEC86419-AB24-458C-922A-3AA6AB883F7F}
	EndGlobalSection
EndGlobal
